
Microsoft Visual Studio Solution File, Format Version 12.00
# Visual Studio Version 17
VisualStudioVersion = 17.1.32407.343
MinimumVisualStudioVersion = 10.0.40219.1
Project("{9A19103F-16F7-4668-BE54-9A1E7A4F7556}") = "ConsoleApp1", "ConsoleApp1\ConsoleApp1.csproj", "{BC85EE0D-4205-4EC3-B37D-65BFEC8CF9BB}"
EndProject
Project("{FAE04EC0-301F-11D3-BF4B-00C04F79EFBC}") = "ConsoleApp2", "ConsoleApp2\ConsoleApp2.csproj", "{FC997EC8-3B07-4F82-89C5-223F1CFC7F86}"
EndProject
Project("{FAE04EC0-301F-11D3-BF4B-00C04F79EFBC}") = "QuartzNet", "QuartzNet\QuartzNet.csproj", "{99F639E2-932C-4040-9767-44A2D40C780F}"
EndProject
Global
	GlobalSection(SolutionConfigurationPlatforms) = preSolution
		Debug|Any CPU = Debug|Any CPU
		Release|Any CPU = Release|Any CPU
	EndGlobalSection
	GlobalSection(ProjectConfigurationPlatforms) = postSolution
		{BC85EE0D-4205-4EC3-B37D-65BFEC8CF9BB}.Debug|Any CPU.ActiveCfg = Debug|Any CPU
		{BC85EE0D-4205-4EC3-B37D-65BFEC8CF9BB}.Debug|Any CPU.Build.0 = Debug|Any CPU
		{BC85EE0D-4205-4EC3-B37D-65BFEC8CF9BB}.Release|Any CPU.ActiveCfg = Release|Any CPU
		{BC85EE0D-4205-4EC3-B37D-65BFEC8CF9BB}.Release|Any CPU.Build.0 = Release|Any CPU
		{FC997EC8-3B07-4F82-89C5-223F1CFC7F86}.Debug|Any CPU.ActiveCfg = Debug|Any CPU
		{FC997EC8-3B07-4F82-89C5-223F1CFC7F86}.Debug|Any CPU.Build.0 = Debug|Any CPU
		{FC997EC8-3B07-4F82-89C5-223F1CFC7F86}.Release|Any CPU.ActiveCfg = Release|Any CPU
		{FC997EC8-3B07-4F82-89C5-223F1CFC7F86}.Release|Any CPU.Build.0 = Release|Any CPU
		{99F639E2-932C-4040-9767-44A2D40C780F}.Debug|Any CPU.ActiveCfg = Debug|Any CPU
		{99F639E2-932C-4040-9767-44A2D40C780F}.Debug|Any CPU.Build.0 = Debug|Any CPU
		{99F639E2-932C-4040-9767-44A2D40C780F}.Release|Any CPU.ActiveCfg = Release|Any CPU
		{99F639E2-932C-4040-9767-44A2D40C780F}.Release|Any CPU.Build.0 = Release|Any CPU
	EndGlobalSection
	GlobalSection(SolutionProperties) = preSolution
		HideSolutionNode = FALSE
	EndGlobalSection
	GlobalSection(ExtensibilityGlobals) = postSolution
		SolutionGuid = {3ECCC1B0-369D-4A58-AB02-428843037116}
	EndGlobalSection
EndGlobal
